<?xml version="1.0" encoding="utf-8"?>
<Project ToolsVersion="4.0" xmlns="http://schemas.microsoft.com/developer/msbuild/2003">
  <ItemGroup>
    <ClCompile Include="main.cpp" />
    <ClCompile Include="stdafx.cpp" />
    <ClCompile Include="Window.cpp">
      <Filter>engine\Platform</Filter>
    </ClCompile>
    <ClCompile Include="Texture2D.cpp">
      <Filter>engine\Render</Filter>
    </ClCompile>
    <ClCompile Include="Keyboard.cpp">
      <Filter>engine\input</Filter>
    </ClCompile>
    <ClCompile Include="Mouse.cpp">
      <Filter>engine\input</Filter>
    </ClCompile>
    <ClCompile Include="OGLFunc.cpp">
      <Filter>engine\Render\OpenGL API</Filter>
    </ClCompile>
    <ClCompile Include="WGLFunc.cpp">
      <Filter>engine\Render\OpenGL API</Filter>
    </ClCompile>
    <ClCompile Include="TextureManager.cpp">
      <Filter>engine\Resource</Filter>
    </ClCompile>
    <ClCompile Include="ShaderProgram.cpp">
      <Filter>engine\Render</Filter>
    </ClCompile>
    <ClCompile Include="ShaderManager.cpp">
      <Filter>engine\Resource</Filter>
    </ClCompile>
    <ClCompile Include="RenderSystem.cpp">
      <Filter>engine\Render</Filter>
    </ClCompile>
    <ClCompile Include="OpenGLStateCache.cpp">
      <Filter>engine\Render</Filter>
    </ClCompile>
    <ClCompile Include="Engine.cpp">
      <Filter>engine</Filter>
    </ClCompile>
    <ClCompile Include="Framebuffer.cpp">
      <Filter>engine\Render</Filter>
    </ClCompile>
    <ClCompile Include="Shape.cpp">
      <Filter>engine\Graphics</Filter>
    </ClCompile>
    <ClCompile Include="Camera.cpp">
      <Filter>engine\Graphics</Filter>
    </ClCompile>
    <ClCompile Include="Player.cpp" />
    <ClCompile Include="Log.cpp">
      <Filter>engine\Core\debug</Filter>
    </ClCompile>
    <ClCompile Include="Point2.cpp">
      <Filter>engine\Core\math</Filter>
    </ClCompile>
    <ClCompile Include="Mouse2.cpp">
      <Filter>engine\input</Filter>
    </ClCompile>
    <ClCompile Include="Timer.cpp">
      <Filter>engine\Platform</Filter>
    </ClCompile>
    <ClCompile Include="DirectionalLight.cpp">
      <Filter>engine\Graphics\LightType</Filter>
    </ClCompile>
    <ClCompile Include="PointLight.cpp">
      <Filter>engine\Graphics\LightType</Filter>
    </ClCompile>
    <ClCompile Include="SpotLight.cpp">
      <Filter>engine\Graphics\LightType</Filter>
    </ClCompile>
    <ClCompile Include="Particle.cpp">
      <Filter>engine\Graphics\Particle System</Filter>
    </ClCompile>
    <ClCompile Include="ParticleEmitter.cpp">
      <Filter>engine\Graphics\Particle System</Filter>
    </ClCompile>
    <ClCompile Include="Font.cpp">
      <Filter>engine\Graphics</Filter>
    </ClCompile>
    <ClCompile Include="Terrain.cpp">
      <Filter>engine\Graphics</Filter>
    </ClCompile>
    <ClCompile Include="PerlinNoise.cpp">
      <Filter>engine\Utils</Filter>
    </ClCompile>
    <ClCompile Include="RandomUtils.cpp">
      <Filter>engine\Utils</Filter>
    </ClCompile>
    <ClCompile Include="GameApp.cpp" />
    <ClCompile Include="PhysicsManager.cpp">
      <Filter>engine\Physics</Filter>
    </ClCompile>
  </ItemGroup>
  <ItemGroup>
    <Filter Include="engine">
      <UniqueIdentifier>{77e75b5b-317d-40da-8137-65352137e3d7}</UniqueIdentifier>
    </Filter>
    <Filter Include="engine\Platform">
      <UniqueIdentifier>{fee40604-c525-4501-a60b-1af806f9ce3a}</UniqueIdentifier>
    </Filter>
    <Filter Include="engine\input">
      <UniqueIdentifier>{a24bb5ba-efa7-4f9e-bbc0-4a93ff47bfea}</UniqueIdentifier>
    </Filter>
    <Filter Include="engine\Core">
      <UniqueIdentifier>{0b3dd572-3020-4cab-ab16-102379f9f4de}</UniqueIdentifier>
    </Filter>
    <Filter Include="engine\base">
      <UniqueIdentifier>{45eb78d9-4a1d-408a-8fb2-6b5aa6661b27}</UniqueIdentifier>
    </Filter>
    <Filter Include="engine\Render">
      <UniqueIdentifier>{6123480a-23c1-4aaa-baeb-6337d538a224}</UniqueIdentifier>
    </Filter>
    <Filter Include="engine\Render\OpenGL API">
      <UniqueIdentifier>{bd34f97b-af06-47a9-af44-189a3e4906e6}</UniqueIdentifier>
    </Filter>
    <Filter Include="engine\Resource">
      <UniqueIdentifier>{b19dd28a-8ea4-4e27-ab4e-44c508ce5de3}</UniqueIdentifier>
    </Filter>
    <Filter Include="engine\Graphics">
      <UniqueIdentifier>{3cd48a8d-3e52-4a79-b4be-0dbcad5ea9f5}</UniqueIdentifier>
    </Filter>
    <Filter Include="_3rdparty">
      <UniqueIdentifier>{ef55a5c2-dc2e-47b4-8ba9-cdfb30411834}</UniqueIdentifier>
    </Filter>
    <Filter Include="engine\Core\debug">
      <UniqueIdentifier>{c29e9caa-eef5-4cb4-b7e6-6cf73a11ac3a}</UniqueIdentifier>
    </Filter>
    <Filter Include="engine\Core\math">
      <UniqueIdentifier>{43823407-8b18-4883-b48a-b214e5ee8c64}</UniqueIdentifier>
    </Filter>
    <Filter Include="engine\Graphics\LightType">
      <UniqueIdentifier>{73c0679c-e40e-4ffd-8afd-3e3ea1f678c5}</UniqueIdentifier>
    </Filter>
    <Filter Include="engine\Graphics\Particle System">
      <UniqueIdentifier>{c12d84fb-5e15-437d-9a40-25d92650ef32}</UniqueIdentifier>
    </Filter>
    <Filter Include="engine\Utils">
      <UniqueIdentifier>{e528d258-4a4e-436d-ae04-34118ab3711b}</UniqueIdentifier>
    </Filter>
    <Filter Include="engine\Physics">
      <UniqueIdentifier>{dfa962c0-ec7a-4a35-8e3c-5cb72fcd5b21}</UniqueIdentifier>
    </Filter>
  </ItemGroup>
  <ItemGroup>
    <ClInclude Include="stdafx.h" />
    <ClInclude Include="Config.h">
      <Filter>engine\base</Filter>
    </ClInclude>
    <ClInclude Include="Macros.h">
      <Filter>engine\base</Filter>
    </ClInclude>
    <ClInclude Include="Window.h">
      <Filter>engine\Platform</Filter>
    </ClInclude>
    <ClInclude Include="Texture2D.h">
      <Filter>engine\Render</Filter>
    </ClInclude>
    <ClInclude Include="InlineFunc.h">
      <Filter>engine\base</Filter>
    </ClInclude>
    <ClInclude Include="Keyboard.h">
      <Filter>engine\input</Filter>
    </ClInclude>
    <ClInclude Include="Mouse.h">
      <Filter>engine\input</Filter>
    </ClInclude>
    <ClInclude Include="OGLFunc.h">
      <Filter>engine\Render\OpenGL API</Filter>
    </ClInclude>
    <ClInclude Include="WGLFunc.h">
      <Filter>engine\Render\OpenGL API</Filter>
    </ClInclude>
    <ClInclude Include="TextureManager.h">
      <Filter>engine\Resource</Filter>
    </ClInclude>
    <ClInclude Include="ShaderProgram.h">
      <Filter>engine\Render</Filter>
    </ClInclude>
    <ClInclude Include="ShaderManager.h">
      <Filter>engine\Resource</Filter>
    </ClInclude>
    <ClInclude Include="RenderSystem.h">
      <Filter>engine\Render</Filter>
    </ClInclude>
    <ClInclude Include="OpenGLStateCache.h">
      <Filter>engine\Render</Filter>
    </ClInclude>
    <ClInclude Include="EngineDescription.h">
      <Filter>engine</Filter>
    </ClInclude>
    <ClInclude Include="Engine.h">
      <Filter>engine</Filter>
    </ClInclude>
    <ClInclude Include="WindowDescription.h">
      <Filter>engine\Platform</Filter>
    </ClInclude>
    <ClInclude Include="RenderDescription.h">
      <Filter>engine\Render</Filter>
    </ClInclude>
    <ClInclude Include="Framebuffer.h">
      <Filter>engine\Render</Filter>
    </ClInclude>
    <ClInclude Include="Vertex.h">
      <Filter>engine\Graphics</Filter>
    </ClInclude>
    <ClInclude Include="Shape.h">
      <Filter>engine\Graphics</Filter>
    </ClInclude>
    <ClInclude Include="Camera.h">
      <Filter>engine\Graphics</Filter>
    </ClInclude>
    <ClInclude Include="Transformation.h">
      <Filter>engine\Graphics</Filter>
    </ClInclude>
    <ClInclude Include="Player.h" />
    <ClInclude Include="Log.h">
      <Filter>engine\Core\debug</Filter>
    </ClInclude>
    <ClInclude Include="DebugNew.h">
      <Filter>engine\Core\debug</Filter>
    </ClInclude>
    <ClInclude Include="Point2.h">
      <Filter>engine\Core\math</Filter>
    </ClInclude>
    <ClInclude Include="Mouse2.h">
      <Filter>engine\input</Filter>
    </ClInclude>
    <ClInclude Include="Timer.h">
      <Filter>engine\Platform</Filter>
    </ClInclude>
    <ClInclude Include="SpotLight.h">
      <Filter>engine\Graphics\LightType</Filter>
    </ClInclude>
    <ClInclude Include="DirectionalLight.h">
      <Filter>engine\Graphics\LightType</Filter>
    </ClInclude>
    <ClInclude Include="PointLight.h">
      <Filter>engine\Graphics\LightType</Filter>
    </ClInclude>
    <ClInclude Include="ParticleEmitter.h">
      <Filter>engine\Graphics\Particle System</Filter>
    </ClInclude>
    <ClInclude Include="Particle.h">
      <Filter>engine\Graphics\Particle System</Filter>
    </ClInclude>
    <ClInclude Include="Font.h">
      <Filter>engine\Graphics</Filter>
    </ClInclude>
    <ClInclude Include="Terrain.h">
      <Filter>engine\Graphics</Filter>
    </ClInclude>
    <ClInclude Include="PerlinNoise.h">
      <Filter>engine\Utils</Filter>
    </ClInclude>
    <ClInclude Include="RandomUtils.h">
      <Filter>engine\Utils</Filter>
    </ClInclude>
    <ClInclude Include="GameApp.h" />
    <ClInclude Include="PhysicsManager.h">
      <Filter>engine\Physics</Filter>
    </ClInclude>
  </ItemGroup>
  <ItemGroup>
    <Library Include="..\3rdparty\freetype.lib">
      <Filter>_3rdparty</Filter>
    </Library>
    <Library Include="..\3rdparty\assimp\lib\assimp-vc142-mt.lib">
      <Filter>_3rdparty</Filter>
    </Library>
  </ItemGroup>
</Project>