<?xml version="1.0" encoding="utf-8"?>
<Project ToolsVersion="4.0" xmlns="http://schemas.microsoft.com/developer/msbuild/2003">
  <ItemGroup>
    <ClCompile Include="main.cpp" />
    <ClCompile Include="stdafx.cpp" />
    <ClCompile Include="Window.cpp">
      <Filter>engine\Platform</Filter>
    </ClCompile>
    <ClCompile Include="Texture2D.cpp">
      <Filter>engine\Render</Filter>
    </ClCompile>
    <ClCompile Include="Keyboard.cpp">
      <Filter>engine\input</Filter>
    </ClCompile>
    <ClCompile Include="Mouse.cpp">
      <Filter>engine\input</Filter>
    </ClCompile>
    <ClCompile Include="OGLFunc.cpp">
      <Filter>engine\Render\OpenGL API</Filter>
    </ClCompile>
    <ClCompile Include="WGLFunc.cpp">
      <Filter>engine\Render\OpenGL API</Filter>
    </ClCompile>
    <ClCompile Include="TextureManager.cpp">
      <Filter>engine\Resource</Filter>
    </ClCompile>
    <ClCompile Include="ShaderManager.cpp">
      <Filter>engine\Resource</Filter>
    </ClCompile>
    <ClCompile Include="RenderSystem.cpp">
      <Filter>engine\Render</Filter>
    </ClCompile>
    <ClCompile Include="Engine.cpp">
      <Filter>engine</Filter>
    </ClCompile>
    <ClCompile Include="Framebuffer.cpp">
      <Filter>engine\Render</Filter>
    </ClCompile>
    <ClCompile Include="Shape.cpp">
      <Filter>engine\Graphics</Filter>
    </ClCompile>
    <ClCompile Include="Camera.cpp">
      <Filter>engine\Graphics</Filter>
    </ClCompile>
    <ClCompile Include="Player.cpp" />
    <ClCompile Include="Point2.cpp">
      <Filter>engine\Core\math</Filter>
    </ClCompile>
    <ClCompile Include="Mouse2.cpp">
      <Filter>engine\input</Filter>
    </ClCompile>
    <ClCompile Include="Timer.cpp">
      <Filter>engine\Platform</Filter>
    </ClCompile>
    <ClCompile Include="DirectionalLight.cpp">
      <Filter>engine\Graphics\LightType</Filter>
    </ClCompile>
    <ClCompile Include="PointLight.cpp">
      <Filter>engine\Graphics\LightType</Filter>
    </ClCompile>
    <ClCompile Include="SpotLight.cpp">
      <Filter>engine\Graphics\LightType</Filter>
    </ClCompile>
    <ClCompile Include="Particle.cpp">
      <Filter>engine\Graphics\Particle System</Filter>
    </ClCompile>
    <ClCompile Include="ParticleEmitter.cpp">
      <Filter>engine\Graphics\Particle System</Filter>
    </ClCompile>
    <ClCompile Include="Font.cpp">
      <Filter>engine\Graphics</Filter>
    </ClCompile>
    <ClCompile Include="Terrain.cpp">
      <Filter>engine\Graphics</Filter>
    </ClCompile>
    <ClCompile Include="PerlinNoise.cpp">
      <Filter>engine\Utils</Filter>
    </ClCompile>
    <ClCompile Include="RandomUtils.cpp">
      <Filter>engine\Utils</Filter>
    </ClCompile>
    <ClCompile Include="GameApp.cpp" />
    <ClCompile Include="PhysicsManager.cpp">
      <Filter>engine\Physics</Filter>
    </ClCompile>
    <ClCompile Include="Mesh.cpp">
      <Filter>engine\Graphics</Filter>
    </ClCompile>
    <ClCompile Include="Model.cpp">
      <Filter>engine\Graphics</Filter>
    </ClCompile>
    <ClCompile Include="Billboard.cpp">
      <Filter>Other</Filter>
    </ClCompile>
    <ClCompile Include="GLViewport.cpp">
      <Filter>engine\Render\OpenGL</Filter>
    </ClCompile>
    <ClCompile Include="TextureLoader.cpp">
      <Filter>engine\Render\new\Texture</Filter>
    </ClCompile>
    <ClCompile Include="Texture.cpp">
      <Filter>engine\Render\new\Texture</Filter>
    </ClCompile>
    <ClCompile Include="RenderBuffer.cpp">
      <Filter>engine\Render\new\FrameBuffer</Filter>
    </ClCompile>
    <ClCompile Include="DepthBuffer.cpp">
      <Filter>engine\Render\new\FrameBuffer</Filter>
    </ClCompile>
    <ClCompile Include="FrameBuffer2.cpp">
      <Filter>engine\Render\new\FrameBuffer</Filter>
    </ClCompile>
    <ClCompile Include="CubeDepthBuffer.cpp">
      <Filter>engine\Render\new\FrameBuffer</Filter>
    </ClCompile>
    <ClCompile Include="MultisampledRenderBuffer.cpp">
      <Filter>engine\Render\new\FrameBuffer</Filter>
    </ClCompile>
    <ClCompile Include="MultisampledFrameBuffer.cpp">
      <Filter>engine\Render\new\FrameBuffer</Filter>
    </ClCompile>
    <ClCompile Include="WaterBuffers.cpp">
      <Filter>engine\Render\new\FrameBuffer</Filter>
    </ClCompile>
    <ClCompile Include="Mesh2.cpp">
      <Filter>engine\Render\new\renderable\model</Filter>
    </ClCompile>
    <ClCompile Include="MeshBone.cpp">
      <Filter>engine\Render\new\renderable\model</Filter>
    </ClCompile>
    <ClCompile Include="Model2.cpp">
      <Filter>engine\Render\new\renderable\model</Filter>
    </ClCompile>
    <ClCompile Include="ModelAnim.cpp">
      <Filter>engine\Render\new\renderable\model</Filter>
    </ClCompile>
    <ClCompile Include="Light.cpp">
      <Filter>engine\Render\new\renderable\light</Filter>
    </ClCompile>
    <ClCompile Include="FontRenderer.cpp">
      <Filter>engine\Render\new\renderable\Font</Filter>
    </ClCompile>
    <ClCompile Include="Font2.cpp">
      <Filter>engine\Render\new\renderable\Font</Filter>
    </ClCompile>
    <ClCompile Include="Skybox.cpp">
      <Filter>engine\Render\new\renderable\skybox</Filter>
    </ClCompile>
    <ClCompile Include="Water.cpp">
      <Filter>engine\Render\Renderable\water</Filter>
    </ClCompile>
    <ClCompile Include="Shadow.cpp">
      <Filter>engine\Render\new\Effect</Filter>
    </ClCompile>
    <ClCompile Include="TextureGenerator2D.cpp">
      <Filter>engine\Render\new\Texture\texture-generator</Filter>
    </ClCompile>
    <ClCompile Include="TextureGenerator3D.cpp">
      <Filter>engine\Render\new\Texture\texture-generator</Filter>
    </ClCompile>
    <ClCompile Include="ConverterToNormalMap.cpp">
      <Filter>engine\Render\new\Texture\texture-generator</Filter>
    </ClCompile>
    <ClCompile Include="PerlinNoise2D.cpp">
      <Filter>engine\Render\new\Texture\texture-generator\method</Filter>
    </ClCompile>
    <ClCompile Include="PerlinNoise3D.cpp">
      <Filter>engine\Render\new\Texture\texture-generator\method</Filter>
    </ClCompile>
    <ClCompile Include="Random.cpp">
      <Filter>engine\Render\new\Texture\texture-generator\method</Filter>
    </ClCompile>
    <ClCompile Include="SmoothNoise2D.cpp">
      <Filter>engine\Render\new\Texture\texture-generator\method</Filter>
    </ClCompile>
    <ClCompile Include="SmoothNoise3D.cpp">
      <Filter>engine\Render\new\Texture\texture-generator\method</Filter>
    </ClCompile>
    <ClCompile Include="PostProcessing.cpp">
      <Filter>engine\Render\new\Effect</Filter>
    </ClCompile>
    <ClCompile Include="Bloom.cpp">
      <Filter>engine\Render\new\Effect</Filter>
    </ClCompile>
    <ClCompile Include="Shader.cpp">
      <Filter>engine\Render\Shader</Filter>
    </ClCompile>
    <ClCompile Include="ShaderProgram.cpp">
      <Filter>engine\Render\Shader</Filter>
    </ClCompile>
    <ClCompile Include="Scene.cpp">
      <Filter>engine\Scene</Filter>
    </ClCompile>
    <ClCompile Include="Material.cpp">
      <Filter>engine\Render\Renderable</Filter>
    </ClCompile>
    <ClCompile Include="TestAnims.cpp">
      <Filter>Other</Filter>
    </ClCompile>
    <ClCompile Include="Geometry.cpp">
      <Filter>engine\Render\Renderable\Shape</Filter>
    </ClCompile>
    <ClCompile Include="Plane.cpp">
      <Filter>engine\Render\Renderable\Shape</Filter>
    </ClCompile>
    <ClCompile Include="Enemy.cpp" />
    <ClCompile Include="Log.cpp">
      <Filter>engine\Core\debug\LogSystem</Filter>
    </ClCompile>
    <ClCompile Include="CoreLogThread.cpp">
      <Filter>engine\Core\debug\LogSystem\detail</Filter>
    </ClCompile>
    <ClCompile Include="CoreLogSystem.cpp">
      <Filter>engine\Core\debug\LogSystem\detail</Filter>
    </ClCompile>
    <ClCompile Include="VertexBuffer.cpp">
      <Filter>engine\Render\RenderType</Filter>
    </ClCompile>
    <ClCompile Include="GLVertexBuffer.cpp">
      <Filter>engine\Render\RenderType\OpenGL</Filter>
    </ClCompile>
  </ItemGroup>
  <ItemGroup>
    <Filter Include="engine">
      <UniqueIdentifier>{77e75b5b-317d-40da-8137-65352137e3d7}</UniqueIdentifier>
    </Filter>
    <Filter Include="engine\Platform">
      <UniqueIdentifier>{fee40604-c525-4501-a60b-1af806f9ce3a}</UniqueIdentifier>
    </Filter>
    <Filter Include="engine\input">
      <UniqueIdentifier>{a24bb5ba-efa7-4f9e-bbc0-4a93ff47bfea}</UniqueIdentifier>
    </Filter>
    <Filter Include="engine\Core">
      <UniqueIdentifier>{0b3dd572-3020-4cab-ab16-102379f9f4de}</UniqueIdentifier>
    </Filter>
    <Filter Include="engine\base">
      <UniqueIdentifier>{45eb78d9-4a1d-408a-8fb2-6b5aa6661b27}</UniqueIdentifier>
    </Filter>
    <Filter Include="engine\Render">
      <UniqueIdentifier>{6123480a-23c1-4aaa-baeb-6337d538a224}</UniqueIdentifier>
    </Filter>
    <Filter Include="engine\Render\OpenGL API">
      <UniqueIdentifier>{bd34f97b-af06-47a9-af44-189a3e4906e6}</UniqueIdentifier>
    </Filter>
    <Filter Include="engine\Resource">
      <UniqueIdentifier>{b19dd28a-8ea4-4e27-ab4e-44c508ce5de3}</UniqueIdentifier>
    </Filter>
    <Filter Include="engine\Graphics">
      <UniqueIdentifier>{3cd48a8d-3e52-4a79-b4be-0dbcad5ea9f5}</UniqueIdentifier>
    </Filter>
    <Filter Include="_3rdparty">
      <UniqueIdentifier>{ef55a5c2-dc2e-47b4-8ba9-cdfb30411834}</UniqueIdentifier>
    </Filter>
    <Filter Include="engine\Core\debug">
      <UniqueIdentifier>{c29e9caa-eef5-4cb4-b7e6-6cf73a11ac3a}</UniqueIdentifier>
    </Filter>
    <Filter Include="engine\Core\math">
      <UniqueIdentifier>{43823407-8b18-4883-b48a-b214e5ee8c64}</UniqueIdentifier>
    </Filter>
    <Filter Include="engine\Graphics\LightType">
      <UniqueIdentifier>{73c0679c-e40e-4ffd-8afd-3e3ea1f678c5}</UniqueIdentifier>
    </Filter>
    <Filter Include="engine\Graphics\Particle System">
      <UniqueIdentifier>{c12d84fb-5e15-437d-9a40-25d92650ef32}</UniqueIdentifier>
    </Filter>
    <Filter Include="engine\Utils">
      <UniqueIdentifier>{e528d258-4a4e-436d-ae04-34118ab3711b}</UniqueIdentifier>
    </Filter>
    <Filter Include="engine\Physics">
      <UniqueIdentifier>{dfa962c0-ec7a-4a35-8e3c-5cb72fcd5b21}</UniqueIdentifier>
    </Filter>
    <Filter Include="Other">
      <UniqueIdentifier>{faa8d77e-7278-4fe0-95f7-0865b01c5fc2}</UniqueIdentifier>
    </Filter>
    <Filter Include="engine\Render\OpenGL">
      <UniqueIdentifier>{f0cd942c-65a1-4d99-8c58-e0cea420271c}</UniqueIdentifier>
    </Filter>
    <Filter Include="engine\Core\pattern">
      <UniqueIdentifier>{f83e2e8e-a874-47ef-9c76-65745dd51384}</UniqueIdentifier>
    </Filter>
    <Filter Include="engine\Render\new">
      <UniqueIdentifier>{d6ff3ad8-1357-4d39-8270-1710b1ef6daa}</UniqueIdentifier>
    </Filter>
    <Filter Include="engine\Render\new\Texture">
      <UniqueIdentifier>{b5e3e979-b19c-4b3f-8af3-59df9683b30a}</UniqueIdentifier>
    </Filter>
    <Filter Include="engine\Render\new\FrameBuffer">
      <UniqueIdentifier>{6ba941a7-c513-4318-bf4a-c5bd23a04ce9}</UniqueIdentifier>
    </Filter>
    <Filter Include="engine\Render\new\renderable">
      <UniqueIdentifier>{176edf89-1167-4e94-8147-e0407bf40d11}</UniqueIdentifier>
    </Filter>
    <Filter Include="engine\Render\new\renderable\model">
      <UniqueIdentifier>{2bdfb626-5efe-40fb-ae4e-4e950e3840ba}</UniqueIdentifier>
    </Filter>
    <Filter Include="engine\Render\new\renderable\light">
      <UniqueIdentifier>{05de6c1b-fef8-4606-b3b7-7f8e67c63161}</UniqueIdentifier>
    </Filter>
    <Filter Include="engine\Render\new\renderable\Font">
      <UniqueIdentifier>{5f9ee3af-02e9-42fb-9f7f-d5a07c5ed9f7}</UniqueIdentifier>
    </Filter>
    <Filter Include="engine\Render\new\renderable\skybox">
      <UniqueIdentifier>{c86ad07b-2573-45e9-881a-b2a33687a519}</UniqueIdentifier>
    </Filter>
    <Filter Include="engine\Render\new\Effect">
      <UniqueIdentifier>{b1ed62ef-44ef-4c63-afff-46d6a771fe9c}</UniqueIdentifier>
    </Filter>
    <Filter Include="engine\Render\new\Texture\texture-generator">
      <UniqueIdentifier>{f40e65e6-4214-4dcb-a622-55c1c87b9c8e}</UniqueIdentifier>
    </Filter>
    <Filter Include="engine\Render\new\Texture\texture-generator\method">
      <UniqueIdentifier>{e630031b-fa80-4a23-bc1b-596b56e7cf1d}</UniqueIdentifier>
    </Filter>
    <Filter Include="engine\Render\Shader">
      <UniqueIdentifier>{d76d3bfe-e2e6-4ef2-86d6-327468f236bb}</UniqueIdentifier>
    </Filter>
    <Filter Include="engine\Scene">
      <UniqueIdentifier>{daa7c5ba-4337-4b01-87f8-d24519bde0cb}</UniqueIdentifier>
    </Filter>
    <Filter Include="engine\Render\Renderable">
      <UniqueIdentifier>{9608b21b-7f8c-45d2-a234-a135ce0fa346}</UniqueIdentifier>
    </Filter>
    <Filter Include="engine\Render\Renderable\Shape">
      <UniqueIdentifier>{e3606b84-56e1-441f-9282-cd4bb033fb25}</UniqueIdentifier>
    </Filter>
    <Filter Include="engine\Render\Renderable\water">
      <UniqueIdentifier>{2d4314da-943d-4214-a86f-9ea5d2bc8505}</UniqueIdentifier>
    </Filter>
    <Filter Include="engine\Core\Container">
      <UniqueIdentifier>{6976d9ab-d205-4b6a-a10d-eda9a3eca7bd}</UniqueIdentifier>
    </Filter>
    <Filter Include="engine\Core\debug\LogSystem">
      <UniqueIdentifier>{dae57b00-352d-4a7c-9453-99066e6aa527}</UniqueIdentifier>
    </Filter>
    <Filter Include="engine\Core\debug\LogSystem\detail">
      <UniqueIdentifier>{cb979460-429c-40a3-a368-1a3d386a039d}</UniqueIdentifier>
    </Filter>
    <Filter Include="engine\Render\RenderType">
      <UniqueIdentifier>{413bab4f-0fee-4f98-ba41-1ba33a581218}</UniqueIdentifier>
    </Filter>
    <Filter Include="engine\Render\RenderType\OpenGL">
      <UniqueIdentifier>{aa069867-b426-4d96-8c02-eb36106d9b5f}</UniqueIdentifier>
    </Filter>
  </ItemGroup>
  <ItemGroup>
    <ClInclude Include="stdafx.h" />
    <ClInclude Include="Config.h">
      <Filter>engine\base</Filter>
    </ClInclude>
    <ClInclude Include="Macros.h">
      <Filter>engine\base</Filter>
    </ClInclude>
    <ClInclude Include="Window.h">
      <Filter>engine\Platform</Filter>
    </ClInclude>
    <ClInclude Include="Texture2D.h">
      <Filter>engine\Render</Filter>
    </ClInclude>
    <ClInclude Include="InlineFunc.h">
      <Filter>engine\base</Filter>
    </ClInclude>
    <ClInclude Include="Keyboard.h">
      <Filter>engine\input</Filter>
    </ClInclude>
    <ClInclude Include="Mouse.h">
      <Filter>engine\input</Filter>
    </ClInclude>
    <ClInclude Include="OGLFunc.h">
      <Filter>engine\Render\OpenGL API</Filter>
    </ClInclude>
    <ClInclude Include="WGLFunc.h">
      <Filter>engine\Render\OpenGL API</Filter>
    </ClInclude>
    <ClInclude Include="TextureManager.h">
      <Filter>engine\Resource</Filter>
    </ClInclude>
    <ClInclude Include="ShaderManager.h">
      <Filter>engine\Resource</Filter>
    </ClInclude>
    <ClInclude Include="RenderSystem.h">
      <Filter>engine\Render</Filter>
    </ClInclude>
    <ClInclude Include="EngineDescription.h">
      <Filter>engine</Filter>
    </ClInclude>
    <ClInclude Include="Engine.h">
      <Filter>engine</Filter>
    </ClInclude>
    <ClInclude Include="WindowDescription.h">
      <Filter>engine\Platform</Filter>
    </ClInclude>
    <ClInclude Include="RenderDescription.h">
      <Filter>engine\Render</Filter>
    </ClInclude>
    <ClInclude Include="Framebuffer.h">
      <Filter>engine\Render</Filter>
    </ClInclude>
    <ClInclude Include="Vertex.h">
      <Filter>engine\Graphics</Filter>
    </ClInclude>
    <ClInclude Include="Shape.h">
      <Filter>engine\Graphics</Filter>
    </ClInclude>
    <ClInclude Include="Camera.h">
      <Filter>engine\Graphics</Filter>
    </ClInclude>
    <ClInclude Include="Transformation.h">
      <Filter>engine\Graphics</Filter>
    </ClInclude>
    <ClInclude Include="Player.h" />
    <ClInclude Include="DebugNew.h">
      <Filter>engine\Core\debug</Filter>
    </ClInclude>
    <ClInclude Include="Point2.h">
      <Filter>engine\Core\math</Filter>
    </ClInclude>
    <ClInclude Include="Mouse2.h">
      <Filter>engine\input</Filter>
    </ClInclude>
    <ClInclude Include="Timer.h">
      <Filter>engine\Platform</Filter>
    </ClInclude>
    <ClInclude Include="SpotLight.h">
      <Filter>engine\Graphics\LightType</Filter>
    </ClInclude>
    <ClInclude Include="DirectionalLight.h">
      <Filter>engine\Graphics\LightType</Filter>
    </ClInclude>
    <ClInclude Include="PointLight.h">
      <Filter>engine\Graphics\LightType</Filter>
    </ClInclude>
    <ClInclude Include="ParticleEmitter.h">
      <Filter>engine\Graphics\Particle System</Filter>
    </ClInclude>
    <ClInclude Include="Particle.h">
      <Filter>engine\Graphics\Particle System</Filter>
    </ClInclude>
    <ClInclude Include="Font.h">
      <Filter>engine\Graphics</Filter>
    </ClInclude>
    <ClInclude Include="Terrain.h">
      <Filter>engine\Graphics</Filter>
    </ClInclude>
    <ClInclude Include="PerlinNoise.h">
      <Filter>engine\Utils</Filter>
    </ClInclude>
    <ClInclude Include="RandomUtils.h">
      <Filter>engine\Utils</Filter>
    </ClInclude>
    <ClInclude Include="GameApp.h" />
    <ClInclude Include="PhysicsManager.h">
      <Filter>engine\Physics</Filter>
    </ClInclude>
    <ClInclude Include="Mesh.h">
      <Filter>engine\Graphics</Filter>
    </ClInclude>
    <ClInclude Include="Model.h">
      <Filter>engine\Graphics</Filter>
    </ClInclude>
    <ClInclude Include="Billboard.h">
      <Filter>Other</Filter>
    </ClInclude>
    <ClInclude Include="GLViewport.h">
      <Filter>engine\Render\OpenGL</Filter>
    </ClInclude>
    <ClInclude Include="Singleton.h">
      <Filter>engine\Core\pattern</Filter>
    </ClInclude>
    <ClInclude Include="TextureLoader.h">
      <Filter>engine\Render\new\Texture</Filter>
    </ClInclude>
    <ClInclude Include="Texture.h">
      <Filter>engine\Render\new\Texture</Filter>
    </ClInclude>
    <ClInclude Include="RenderBuffer.h">
      <Filter>engine\Render\new\FrameBuffer</Filter>
    </ClInclude>
    <ClInclude Include="DepthBuffer.h">
      <Filter>engine\Render\new\FrameBuffer</Filter>
    </ClInclude>
    <ClInclude Include="FrameBuffer2.h">
      <Filter>engine\Render\new\FrameBuffer</Filter>
    </ClInclude>
    <ClInclude Include="CubeDepthBuffer.h">
      <Filter>engine\Render\new\FrameBuffer</Filter>
    </ClInclude>
    <ClInclude Include="MultisampledRenderBuffer.h">
      <Filter>engine\Render\new\FrameBuffer</Filter>
    </ClInclude>
    <ClInclude Include="MultisampledFrameBuffer.h">
      <Filter>engine\Render\new\FrameBuffer</Filter>
    </ClInclude>
    <ClInclude Include="WaterBuffers.h">
      <Filter>engine\Render\new\FrameBuffer</Filter>
    </ClInclude>
    <ClInclude Include="Mesh2.h">
      <Filter>engine\Render\new\renderable\model</Filter>
    </ClInclude>
    <ClInclude Include="MeshBone.h">
      <Filter>engine\Render\new\renderable\model</Filter>
    </ClInclude>
    <ClInclude Include="Model2.h">
      <Filter>engine\Render\new\renderable\model</Filter>
    </ClInclude>
    <ClInclude Include="ModelAnim.h">
      <Filter>engine\Render\new\renderable\model</Filter>
    </ClInclude>
    <ClInclude Include="Light.h">
      <Filter>engine\Render\new\renderable\light</Filter>
    </ClInclude>
    <ClInclude Include="FontRenderer.h">
      <Filter>engine\Render\new\renderable\Font</Filter>
    </ClInclude>
    <ClInclude Include="Font2.h">
      <Filter>engine\Render\new\renderable\Font</Filter>
    </ClInclude>
    <ClInclude Include="Skybox.h">
      <Filter>engine\Render\new\renderable\skybox</Filter>
    </ClInclude>
    <ClInclude Include="Water.h">
      <Filter>engine\Render\Renderable\water</Filter>
    </ClInclude>
    <ClInclude Include="Shadow.h">
      <Filter>engine\Render\new\Effect</Filter>
    </ClInclude>
    <ClInclude Include="TextureGenerator.h">
      <Filter>engine\Render\new\Texture\texture-generator</Filter>
    </ClInclude>
    <ClInclude Include="TextureGenerator2D.h">
      <Filter>engine\Render\new\Texture\texture-generator</Filter>
    </ClInclude>
    <ClInclude Include="TextureGenerator3D.h">
      <Filter>engine\Render\new\Texture\texture-generator</Filter>
    </ClInclude>
    <ClInclude Include="ConverterToNormalMap.h">
      <Filter>engine\Render\new\Texture\texture-generator</Filter>
    </ClInclude>
    <ClInclude Include="PerlinNoise2D.h">
      <Filter>engine\Render\new\Texture\texture-generator\method</Filter>
    </ClInclude>
    <ClInclude Include="PerlinNoise3D.h">
      <Filter>engine\Render\new\Texture\texture-generator\method</Filter>
    </ClInclude>
    <ClInclude Include="Random.h">
      <Filter>engine\Render\new\Texture\texture-generator\method</Filter>
    </ClInclude>
    <ClInclude Include="SmoothNoise2D.h">
      <Filter>engine\Render\new\Texture\texture-generator\method</Filter>
    </ClInclude>
    <ClInclude Include="SmoothNoise3D.h">
      <Filter>engine\Render\new\Texture\texture-generator\method</Filter>
    </ClInclude>
    <ClInclude Include="ParticlesGenerator.h">
      <Filter>engine\Render\new\Effect</Filter>
    </ClInclude>
    <ClInclude Include="PostProcessing.h">
      <Filter>engine\Render\new\Effect</Filter>
    </ClInclude>
    <ClInclude Include="Bloom.h">
      <Filter>engine\Render\new\Effect</Filter>
    </ClInclude>
    <ClInclude Include="Shader.h">
      <Filter>engine\Render\Shader</Filter>
    </ClInclude>
    <ClInclude Include="ShaderProgram.h">
      <Filter>engine\Render\Shader</Filter>
    </ClInclude>
    <ClInclude Include="Scene.h">
      <Filter>engine\Scene</Filter>
    </ClInclude>
    <ClInclude Include="Transformationable.h">
      <Filter>engine\Render\Renderable</Filter>
    </ClInclude>
    <ClInclude Include="Renderable.h">
      <Filter>engine\Render\Renderable</Filter>
    </ClInclude>
    <ClInclude Include="Material.h">
      <Filter>engine\Render\Renderable</Filter>
    </ClInclude>
    <ClInclude Include="TestAnims.h">
      <Filter>Other</Filter>
    </ClInclude>
    <ClInclude Include="Geometry.h">
      <Filter>engine\Render\Renderable\Shape</Filter>
    </ClInclude>
    <ClInclude Include="Plane.h">
      <Filter>engine\Render\Renderable\Shape</Filter>
    </ClInclude>
    <ClInclude Include="Enemy.h" />
    <ClInclude Include="Log.h">
      <Filter>engine\Core\debug\LogSystem</Filter>
    </ClInclude>
    <ClInclude Include="PlatformLog.h">
      <Filter>engine\Core\debug\LogSystem\detail</Filter>
    </ClInclude>
    <ClInclude Include="LogVerbosity.h">
      <Filter>engine\Core\debug\LogSystem\detail</Filter>
    </ClInclude>
    <ClInclude Include="CoreLogThread.h">
      <Filter>engine\Core\debug\LogSystem\detail</Filter>
    </ClInclude>
    <ClInclude Include="CoreLogSystem.h">
      <Filter>engine\Core\debug\LogSystem\detail</Filter>
    </ClInclude>
    <ClInclude Include="VertexBuffer.h">
      <Filter>engine\Render\RenderType</Filter>
    </ClInclude>
    <ClInclude Include="GLVertexBuffer.h">
      <Filter>engine\Render\RenderType\OpenGL</Filter>
    </ClInclude>
  </ItemGroup>
  <ItemGroup>
    <Library Include="..\3rdparty\freetype.lib">
      <Filter>_3rdparty</Filter>
    </Library>
    <Library Include="..\3rdparty\assimp\lib\assimp-vc142-mt.lib">
      <Filter>_3rdparty</Filter>
    </Library>
  </ItemGroup>
</Project>