<?xml version="1.0" encoding="utf-8"?>
<Project ToolsVersion="4.0" xmlns="http://schemas.microsoft.com/developer/msbuild/2003">
  <ItemGroup>
    <ClCompile Include="stdafx.cpp" />
    <ClCompile Include="Allocator.cpp">
      <Filter>Base</Filter>
    </ClCompile>
    <ClCompile Include="Hash.cpp">
      <Filter>Base</Filter>
    </ClCompile>
    <ClCompile Include="List.cpp">
      <Filter>Base</Filter>
    </ClCompile>
    <ClCompile Include="Ptr.cpp">
      <Filter>Base</Filter>
    </ClCompile>
    <ClCompile Include="String.cpp">
      <Filter>Base</Filter>
    </ClCompile>
    <ClCompile Include="StringHash.cpp">
      <Filter>Base</Filter>
    </ClCompile>
    <ClCompile Include="Vector.cpp">
      <Filter>Base</Filter>
    </ClCompile>
    <ClCompile Include="WString.cpp">
      <Filter>Base</Filter>
    </ClCompile>
    <ClCompile Include="AreaAllocator.cpp">
      <Filter>Math</Filter>
    </ClCompile>
    <ClCompile Include="BoundingBox.cpp">
      <Filter>Math</Filter>
    </ClCompile>
    <ClCompile Include="Color.cpp">
      <Filter>Math</Filter>
    </ClCompile>
    <ClCompile Include="Frustum.cpp">
      <Filter>Math</Filter>
    </ClCompile>
    <ClCompile Include="IntRect.cpp">
      <Filter>Math</Filter>
    </ClCompile>
    <ClCompile Include="IntVector2.cpp">
      <Filter>Math</Filter>
    </ClCompile>
    <ClCompile Include="Matrix3.cpp">
      <Filter>Math</Filter>
    </ClCompile>
    <ClCompile Include="Matrix3x4.cpp">
      <Filter>Math</Filter>
    </ClCompile>
    <ClCompile Include="Matrix4.cpp">
      <Filter>Math</Filter>
    </ClCompile>
    <ClCompile Include="Plane.cpp">
      <Filter>Math</Filter>
    </ClCompile>
    <ClCompile Include="Polyhedron.cpp">
      <Filter>Math</Filter>
    </ClCompile>
    <ClCompile Include="Quaternion.cpp">
      <Filter>Math</Filter>
    </ClCompile>
    <ClCompile Include="Random.cpp">
      <Filter>Math</Filter>
    </ClCompile>
    <ClCompile Include="Ray.cpp">
      <Filter>Math</Filter>
    </ClCompile>
    <ClCompile Include="Rect.cpp">
      <Filter>Math</Filter>
    </ClCompile>
    <ClCompile Include="Sphere.cpp">
      <Filter>Math</Filter>
    </ClCompile>
    <ClCompile Include="Vector2.cpp">
      <Filter>Math</Filter>
    </ClCompile>
    <ClCompile Include="Vector3.cpp">
      <Filter>Math</Filter>
    </ClCompile>
    <ClCompile Include="Vector4.cpp">
      <Filter>Math</Filter>
    </ClCompile>
    <ClCompile Include="Profiler.cpp">
      <Filter>Debug</Filter>
    </ClCompile>
    <ClCompile Include="File.cpp">
      <Filter>IO</Filter>
    </ClCompile>
    <ClCompile Include="FileSystem.cpp">
      <Filter>IO</Filter>
    </ClCompile>
    <ClCompile Include="JSONValue.cpp">
      <Filter>IO</Filter>
    </ClCompile>
    <ClCompile Include="MemoryBuffer.cpp">
      <Filter>IO</Filter>
    </ClCompile>
    <ClCompile Include="ResourceRef.cpp">
      <Filter>IO</Filter>
    </ClCompile>
    <ClCompile Include="Stream.cpp">
      <Filter>IO</Filter>
    </ClCompile>
    <ClCompile Include="VectorBuffer.cpp">
      <Filter>IO</Filter>
    </ClCompile>
    <ClCompile Include="Decompress.cpp">
      <Filter>Resource</Filter>
    </ClCompile>
    <ClCompile Include="Image.cpp">
      <Filter>Resource</Filter>
    </ClCompile>
    <ClCompile Include="JSONFile.cpp">
      <Filter>Resource</Filter>
    </ClCompile>
    <ClCompile Include="Resource.cpp">
      <Filter>Resource</Filter>
    </ClCompile>
    <ClCompile Include="ResourceCache.cpp">
      <Filter>Resource</Filter>
    </ClCompile>
    <ClCompile Include="Condition.cpp">
      <Filter>_garbage\Thread</Filter>
    </ClCompile>
    <ClCompile Include="Mutex.cpp">
      <Filter>_garbage\Thread</Filter>
    </ClCompile>
    <ClCompile Include="Thread.cpp">
      <Filter>_garbage\Thread</Filter>
    </ClCompile>
    <ClCompile Include="ThreadLocalValue.cpp">
      <Filter>_garbage\Thread</Filter>
    </ClCompile>
    <ClCompile Include="Attribute.cpp">
      <Filter>Object</Filter>
    </ClCompile>
    <ClCompile Include="Event.cpp">
      <Filter>Object</Filter>
    </ClCompile>
    <ClCompile Include="Object.cpp">
      <Filter>Object</Filter>
    </ClCompile>
    <ClCompile Include="ObjectResolver.cpp">
      <Filter>Object</Filter>
    </ClCompile>
    <ClCompile Include="Serializable.cpp">
      <Filter>Object</Filter>
    </ClCompile>
    <ClCompile Include="SpatialNode.cpp">
      <Filter>Scene</Filter>
    </ClCompile>
    <ClCompile Include="Node.cpp">
      <Filter>Scene</Filter>
    </ClCompile>
    <ClCompile Include="Scene.cpp">
      <Filter>Scene</Filter>
    </ClCompile>
    <ClCompile Include="ConstantBuffer.cpp">
      <Filter>Graphics</Filter>
    </ClCompile>
    <ClCompile Include="GPUObject.cpp">
      <Filter>Graphics</Filter>
    </ClCompile>
    <ClCompile Include="GraphicsDefs.cpp">
      <Filter>Graphics</Filter>
    </ClCompile>
    <ClCompile Include="IndexBuffer.cpp">
      <Filter>Graphics</Filter>
    </ClCompile>
    <ClCompile Include="Shader.cpp">
      <Filter>Graphics</Filter>
    </ClCompile>
    <ClCompile Include="Texture.cpp">
      <Filter>Graphics</Filter>
    </ClCompile>
    <ClCompile Include="VertexBuffer.cpp">
      <Filter>Graphics</Filter>
    </ClCompile>
    <ClCompile Include="GLConstantBuffer.cpp">
      <Filter>Graphics\OpenGL</Filter>
    </ClCompile>
    <ClCompile Include="GLGraphics.cpp">
      <Filter>Graphics\OpenGL</Filter>
    </ClCompile>
    <ClCompile Include="GLIndexBuffer.cpp">
      <Filter>Graphics\OpenGL</Filter>
    </ClCompile>
    <ClCompile Include="GLShaderProgram.cpp">
      <Filter>Graphics\OpenGL</Filter>
    </ClCompile>
    <ClCompile Include="GLShaderVariation.cpp">
      <Filter>Graphics\OpenGL</Filter>
    </ClCompile>
    <ClCompile Include="GLTexture.cpp">
      <Filter>Graphics\OpenGL</Filter>
    </ClCompile>
    <ClCompile Include="GLVertexBuffer.cpp">
      <Filter>Graphics\OpenGL</Filter>
    </ClCompile>
    <ClCompile Include="D3D11ConstantBuffer.cpp">
      <Filter>Graphics\D3D11</Filter>
    </ClCompile>
    <ClCompile Include="D3D11Graphics.cpp">
      <Filter>Graphics\D3D11</Filter>
    </ClCompile>
    <ClCompile Include="D3D11IndexBuffer.cpp">
      <Filter>Graphics\D3D11</Filter>
    </ClCompile>
    <ClCompile Include="D3D11ShaderVariation.cpp">
      <Filter>Graphics\D3D11</Filter>
    </ClCompile>
    <ClCompile Include="D3D11Texture.cpp">
      <Filter>Graphics\D3D11</Filter>
    </ClCompile>
    <ClCompile Include="D3D11VertexBuffer.cpp">
      <Filter>Graphics\D3D11</Filter>
    </ClCompile>
    <ClCompile Include="Batch.cpp">
      <Filter>Renderer</Filter>
    </ClCompile>
    <ClCompile Include="Camera.cpp">
      <Filter>Renderer</Filter>
    </ClCompile>
    <ClCompile Include="GeometryNode.cpp">
      <Filter>Renderer</Filter>
    </ClCompile>
    <ClCompile Include="Light.cpp">
      <Filter>Renderer</Filter>
    </ClCompile>
    <ClCompile Include="Material.cpp">
      <Filter>Renderer</Filter>
    </ClCompile>
    <ClCompile Include="Model.cpp">
      <Filter>Renderer</Filter>
    </ClCompile>
    <ClCompile Include="Octree.cpp">
      <Filter>Renderer</Filter>
    </ClCompile>
    <ClCompile Include="OctreeNode.cpp">
      <Filter>Renderer</Filter>
    </ClCompile>
    <ClCompile Include="Renderer.cpp">
      <Filter>Renderer</Filter>
    </ClCompile>
    <ClCompile Include="StaticModel.cpp">
      <Filter>Renderer</Filter>
    </ClCompile>
  </ItemGroup>
  <ItemGroup>
    <ClInclude Include="stdafx.h" />
    <ClInclude Include="WString.h">
      <Filter>Base</Filter>
    </ClInclude>
    <ClInclude Include="Allocator.h">
      <Filter>Base</Filter>
    </ClInclude>
    <ClInclude Include="AutoPtr.h">
      <Filter>Base</Filter>
    </ClInclude>
    <ClInclude Include="Hash.h">
      <Filter>Base</Filter>
    </ClInclude>
    <ClInclude Include="HashMap.h">
      <Filter>Base</Filter>
    </ClInclude>
    <ClInclude Include="HashSet.h">
      <Filter>Base</Filter>
    </ClInclude>
    <ClInclude Include="Iterator.h">
      <Filter>Base</Filter>
    </ClInclude>
    <ClInclude Include="List.h">
      <Filter>Base</Filter>
    </ClInclude>
    <ClInclude Include="Pair.h">
      <Filter>Base</Filter>
    </ClInclude>
    <ClInclude Include="Ptr.h">
      <Filter>Base</Filter>
    </ClInclude>
    <ClInclude Include="Sort.h">
      <Filter>Base</Filter>
    </ClInclude>
    <ClInclude Include="String.h">
      <Filter>Base</Filter>
    </ClInclude>
    <ClInclude Include="StringHash.h">
      <Filter>Base</Filter>
    </ClInclude>
    <ClInclude Include="Swap.h">
      <Filter>Base</Filter>
    </ClInclude>
    <ClInclude Include="Vector.h">
      <Filter>Base</Filter>
    </ClInclude>
    <ClInclude Include="Vector4.h">
      <Filter>Math</Filter>
    </ClInclude>
    <ClInclude Include="AreaAllocator.h">
      <Filter>Math</Filter>
    </ClInclude>
    <ClInclude Include="BoundingBox.h">
      <Filter>Math</Filter>
    </ClInclude>
    <ClInclude Include="Color.h">
      <Filter>Math</Filter>
    </ClInclude>
    <ClInclude Include="Frustum.h">
      <Filter>Math</Filter>
    </ClInclude>
    <ClInclude Include="IntRect.h">
      <Filter>Math</Filter>
    </ClInclude>
    <ClInclude Include="IntVector2.h">
      <Filter>Math</Filter>
    </ClInclude>
    <ClInclude Include="Math.h">
      <Filter>Math</Filter>
    </ClInclude>
    <ClInclude Include="Matrix3.h">
      <Filter>Math</Filter>
    </ClInclude>
    <ClInclude Include="Matrix3x4.h">
      <Filter>Math</Filter>
    </ClInclude>
    <ClInclude Include="Matrix4.h">
      <Filter>Math</Filter>
    </ClInclude>
    <ClInclude Include="Plane.h">
      <Filter>Math</Filter>
    </ClInclude>
    <ClInclude Include="Polyhedron.h">
      <Filter>Math</Filter>
    </ClInclude>
    <ClInclude Include="Quaternion.h">
      <Filter>Math</Filter>
    </ClInclude>
    <ClInclude Include="Random.h">
      <Filter>Math</Filter>
    </ClInclude>
    <ClInclude Include="Ray.h">
      <Filter>Math</Filter>
    </ClInclude>
    <ClInclude Include="Rect.h">
      <Filter>Math</Filter>
    </ClInclude>
    <ClInclude Include="Sphere.h">
      <Filter>Math</Filter>
    </ClInclude>
    <ClInclude Include="Vector2.h">
      <Filter>Math</Filter>
    </ClInclude>
    <ClInclude Include="Vector3.h">
      <Filter>Math</Filter>
    </ClInclude>
    <ClInclude Include="Profiler.h">
      <Filter>Debug</Filter>
    </ClInclude>
    <ClInclude Include="VectorBuffer.h">
      <Filter>IO</Filter>
    </ClInclude>
    <ClInclude Include="File.h">
      <Filter>IO</Filter>
    </ClInclude>
    <ClInclude Include="FileSystem.h">
      <Filter>IO</Filter>
    </ClInclude>
    <ClInclude Include="JSONValue.h">
      <Filter>IO</Filter>
    </ClInclude>
    <ClInclude Include="MemoryBuffer.h">
      <Filter>IO</Filter>
    </ClInclude>
    <ClInclude Include="ObjectRef.h">
      <Filter>IO</Filter>
    </ClInclude>
    <ClInclude Include="ResourceRef.h">
      <Filter>IO</Filter>
    </ClInclude>
    <ClInclude Include="Stream.h">
      <Filter>IO</Filter>
    </ClInclude>
    <ClInclude Include="ResourceCache.h">
      <Filter>Resource</Filter>
    </ClInclude>
    <ClInclude Include="Decompress.h">
      <Filter>Resource</Filter>
    </ClInclude>
    <ClInclude Include="Image.h">
      <Filter>Resource</Filter>
    </ClInclude>
    <ClInclude Include="JSONFile.h">
      <Filter>Resource</Filter>
    </ClInclude>
    <ClInclude Include="Resource.h">
      <Filter>Resource</Filter>
    </ClInclude>
    <ClInclude Include="Condition.h">
      <Filter>_garbage\Thread</Filter>
    </ClInclude>
    <ClInclude Include="Mutex.h">
      <Filter>_garbage\Thread</Filter>
    </ClInclude>
    <ClInclude Include="Thread.h">
      <Filter>_garbage\Thread</Filter>
    </ClInclude>
    <ClInclude Include="ThreadLocalValue.h">
      <Filter>_garbage\Thread</Filter>
    </ClInclude>
    <ClInclude Include="Attribute.h">
      <Filter>Object</Filter>
    </ClInclude>
    <ClInclude Include="Event.h">
      <Filter>Object</Filter>
    </ClInclude>
    <ClInclude Include="Object.h">
      <Filter>Object</Filter>
    </ClInclude>
    <ClInclude Include="ObjectResolver.h">
      <Filter>Object</Filter>
    </ClInclude>
    <ClInclude Include="Serializable.h">
      <Filter>Object</Filter>
    </ClInclude>
    <ClInclude Include="SpatialNode.h">
      <Filter>Scene</Filter>
    </ClInclude>
    <ClInclude Include="Node.h">
      <Filter>Scene</Filter>
    </ClInclude>
    <ClInclude Include="Scene.h">
      <Filter>Scene</Filter>
    </ClInclude>
    <ClInclude Include="ConstantBuffer.h">
      <Filter>Graphics</Filter>
    </ClInclude>
    <ClInclude Include="GPUObject.h">
      <Filter>Graphics</Filter>
    </ClInclude>
    <ClInclude Include="Graphics.h">
      <Filter>Graphics</Filter>
    </ClInclude>
    <ClInclude Include="GraphicsDefs.h">
      <Filter>Graphics</Filter>
    </ClInclude>
    <ClInclude Include="IndexBuffer.h">
      <Filter>Graphics</Filter>
    </ClInclude>
    <ClInclude Include="Shader.h">
      <Filter>Graphics</Filter>
    </ClInclude>
    <ClInclude Include="ShaderVariation.h">
      <Filter>Graphics</Filter>
    </ClInclude>
    <ClInclude Include="Texture.h">
      <Filter>Graphics</Filter>
    </ClInclude>
    <ClInclude Include="VertexBuffer.h">
      <Filter>Graphics</Filter>
    </ClInclude>
    <ClInclude Include="GLConstantBuffer.h">
      <Filter>Graphics\OpenGL</Filter>
    </ClInclude>
    <ClInclude Include="GLGraphics.h">
      <Filter>Graphics\OpenGL</Filter>
    </ClInclude>
    <ClInclude Include="GLIndexBuffer.h">
      <Filter>Graphics\OpenGL</Filter>
    </ClInclude>
    <ClInclude Include="GLShaderProgram.h">
      <Filter>Graphics\OpenGL</Filter>
    </ClInclude>
    <ClInclude Include="GLShaderVariation.h">
      <Filter>Graphics\OpenGL</Filter>
    </ClInclude>
    <ClInclude Include="GLTexture.h">
      <Filter>Graphics\OpenGL</Filter>
    </ClInclude>
    <ClInclude Include="GLVertexBuffer.h">
      <Filter>Graphics\OpenGL</Filter>
    </ClInclude>
    <ClInclude Include="D3D11ConstantBuffer.h">
      <Filter>Graphics\D3D11</Filter>
    </ClInclude>
    <ClInclude Include="D3D11Graphics.h">
      <Filter>Graphics\D3D11</Filter>
    </ClInclude>
    <ClInclude Include="D3D11IndexBuffer.h">
      <Filter>Graphics\D3D11</Filter>
    </ClInclude>
    <ClInclude Include="D3D11ShaderVariation.h">
      <Filter>Graphics\D3D11</Filter>
    </ClInclude>
    <ClInclude Include="D3D11Texture.h">
      <Filter>Graphics\D3D11</Filter>
    </ClInclude>
    <ClInclude Include="D3D11VertexBuffer.h">
      <Filter>Graphics\D3D11</Filter>
    </ClInclude>
    <ClInclude Include="Batch.h">
      <Filter>Renderer</Filter>
    </ClInclude>
    <ClInclude Include="Camera.h">
      <Filter>Renderer</Filter>
    </ClInclude>
    <ClInclude Include="GeometryNode.h">
      <Filter>Renderer</Filter>
    </ClInclude>
    <ClInclude Include="Light.h">
      <Filter>Renderer</Filter>
    </ClInclude>
    <ClInclude Include="Material.h">
      <Filter>Renderer</Filter>
    </ClInclude>
    <ClInclude Include="Model.h">
      <Filter>Renderer</Filter>
    </ClInclude>
    <ClInclude Include="Octree.h">
      <Filter>Renderer</Filter>
    </ClInclude>
    <ClInclude Include="OctreeNode.h">
      <Filter>Renderer</Filter>
    </ClInclude>
    <ClInclude Include="Renderer.h">
      <Filter>Renderer</Filter>
    </ClInclude>
    <ClInclude Include="StaticModel.h">
      <Filter>Renderer</Filter>
    </ClInclude>
  </ItemGroup>
  <ItemGroup>
    <Filter Include="Base">
      <UniqueIdentifier>{43c17abb-cd92-45bf-81b6-a8fe5244e0a6}</UniqueIdentifier>
    </Filter>
    <Filter Include="Debug">
      <UniqueIdentifier>{1b074cda-3c27-4175-8be1-1f7dec186dcc}</UniqueIdentifier>
    </Filter>
    <Filter Include="Math">
      <UniqueIdentifier>{6dec1cbd-5aa9-4b0a-9a28-e10f0105405f}</UniqueIdentifier>
    </Filter>
    <Filter Include="IO">
      <UniqueIdentifier>{e3a97995-d88c-40ae-b725-d09be25db667}</UniqueIdentifier>
    </Filter>
    <Filter Include="Resource">
      <UniqueIdentifier>{10396338-1e1b-42c1-a319-623d996648b5}</UniqueIdentifier>
    </Filter>
    <Filter Include="Object">
      <UniqueIdentifier>{d41e56df-3354-4942-907a-de49de2dc72a}</UniqueIdentifier>
    </Filter>
    <Filter Include="Scene">
      <UniqueIdentifier>{de007648-bf06-412d-a3a4-4b0c185030d8}</UniqueIdentifier>
    </Filter>
    <Filter Include="Graphics">
      <UniqueIdentifier>{625c0ab1-c75a-437c-9b3c-21b16055f409}</UniqueIdentifier>
    </Filter>
    <Filter Include="Graphics\OpenGL">
      <UniqueIdentifier>{769a8646-1c88-46bf-a80a-df7670294485}</UniqueIdentifier>
    </Filter>
    <Filter Include="Graphics\D3D11">
      <UniqueIdentifier>{deb42de1-b172-49ac-828b-a882f72bb8e6}</UniqueIdentifier>
    </Filter>
    <Filter Include="Renderer">
      <UniqueIdentifier>{9c1847d3-2db6-4957-b144-7b9cb808c126}</UniqueIdentifier>
    </Filter>
    <Filter Include="_garbage">
      <UniqueIdentifier>{88359f63-dd04-4ceb-90df-ffbc81bef4d5}</UniqueIdentifier>
    </Filter>
    <Filter Include="_garbage\Thread">
      <UniqueIdentifier>{7aa3b481-a252-4961-95ae-1def4d4532b5}</UniqueIdentifier>
    </Filter>
  </ItemGroup>
</Project>